{
    "_readme": [
        "This file locks the dependencies of your project to a known state",
        "Read more about it at https://getcomposer.org/doc/01-basic-usage.md#installing-dependencies",
        "This file is @generated automatically"
    ],
    "content-hash": "44ee230d861ea1ef6dd69db87facdbbd",
    "packages": [
        {
            "name": "tecnickcom/tc-lib-barcode",
            "version": "1.17.25",
            "source": {
                "type": "git",
                "url": "https://github.com/tecnickcom/tc-lib-barcode.git",
                "reference": "2b87f7c63dfd05000445a202c1779aeb9eb4549d"
            },
            "dist": {
                "type": "zip",
                "url": "https://api.github.com/repos/tecnickcom/tc-lib-barcode/zipball/2b87f7c63dfd05000445a202c1779aeb9eb4549d",
                "reference": "2b87f7c63dfd05000445a202c1779aeb9eb4549d",
                "shasum": ""
            },
            "require": {
                "ext-bcmath": "*",
                "ext-date": "*",
                "ext-gd": "*",
                "ext-pcre": "*",
                "php": ">=5.4",
                "tecnickcom/tc-lib-color": "^1.14"
            },
            "require-dev": {
                "pdepend/pdepend": "2.13.0",
                "phploc/phploc": "7.0.2 || 6.0.2 || 5.0.0 || 4.0.1 || 3.0.1 || 2.1.5",
                "phpmd/phpmd": "2.13.0",
                "phpunit/phpunit": "10.1.2 || 9.6.7 || 8.5.31 || 7.5.20 || 6.5.14 || 5.7.27 || 4.8.36",
                "sebastian/phpcpd": "6.0.3 || 5.0.2 || 4.1.0 || 3.0.1 || 2.0.4",
                "squizlabs/php_codesniffer": "3.7.2 || 2.9.2"
            },
            "type": "library",
            "autoload": {
                "psr-4": {
                    "Com\\Tecnick\\Barcode\\": "src"
                }
            },
            "notification-url": "https://packagist.org/downloads/",
            "license": [
                "LGPL-3.0"
            ],
            "authors": [
                {
                    "name": "Nicola Asuni",
                    "email": "info@tecnick.com",
                    "role": "lead"
                }
            ],
            "description": "PHP library to generate linear and bidimensional barcodes",
            "homepage": "http://www.tecnick.com",
            "keywords": [
                "3 of 9",
                "ANSI MH10.8M-1983",
                "CBC",
                "CODABAR",
                "CODE 11",
                "CODE 128 A B C",
                "CODE 39",
                "CODE 93",
                "EAN 13",
                "EAN 8",
                "ECC200",
                "Intelligent Mail Barcode",
                "Interleaved 2 of 5",
                "KIX",
                "Klant",
                "MSI",
                "Onecode",
                "PHARMACODE",
                "PHARMACODE TWO-TRACKS",
                "POSTNET",
                "RMS4CC",
                "Standard 2 of 5",
                "UPC-A",
                "UPC-E",
                "USD-3",
                "USPS-B-3200",
                "USS-93",
                "barcode",
                "datamatrix",
                "pdf417",
                "planet",
                "qr-code",
                "royal mail",
                "tc-lib-barcode",
                "upc"
            ],
            "support": {
                "issues": "https://github.com/tecnickcom/tc-lib-barcode/issues",
                "source": "https://github.com/tecnickcom/tc-lib-barcode/tree/1.17.25"
            },
            "funding": [
                {
                    "url": "https://www.paypal.com/cgi-bin/webscr?cmd=_donations&currency_code=GBP&business=paypal@tecnick.com&item_name=donation%20for%20tc-lib-barcode%20project",
                    "type": "custom"
                }
            ],
            "time": "2023-05-18T08:10:11+00:00"
        },
        {
            "name": "tecnickcom/tc-lib-color",
            "version": "1.14.24",
            "source": {
                "type": "git",
                "url": "https://github.com/tecnickcom/tc-lib-color.git",
                "reference": "6207533413f6edc3fea373d0e54041661d2bd905"
            },
            "dist": {
                "type": "zip",
                "url": "https://api.github.com/repos/tecnickcom/tc-lib-color/zipball/6207533413f6edc3fea373d0e54041661d2bd905",
                "reference": "6207533413f6edc3fea373d0e54041661d2bd905",
                "shasum": ""
            },
            "require": {
                "ext-pcre": "*",
                "php": ">=5.3"
            },
            "require-dev": {
                "pdepend/pdepend": "2.13.0",
                "phploc/phploc": "7.0.2 || 6.0.2 || 5.0.0 || 4.0.1 || 3.0.1 || 2.1.5",
                "phpmd/phpmd": "2.13.0",
                "phpunit/phpunit": "10.1.2 || 9.6.7 || 8.5.31 || 7.5.20 || 6.5.14 || 5.7.27 || 4.8.36",
                "sebastian/phpcpd": "6.0.3 || 5.0.2 || 4.1.0 || 3.0.1 || 2.0.4",
                "squizlabs/php_codesniffer": "3.7.2 || 2.9.2"
            },
            "type": "library",
            "autoload": {
                "psr-4": {
                    "Com\\Tecnick\\Color\\": "src"
                }
            },
            "notification-url": "https://packagist.org/downloads/",
            "license": [
                "LGPL-3.0"
            ],
            "authors": [
                {
                    "name": "Nicola Asuni",
                    "email": "info@tecnick.com",
                    "role": "lead"
                }
            ],
            "description": "PHP library to manipulate various color representations",
            "homepage": "http://www.tecnick.com",
            "keywords": [
                "cmyk",
                "color",
                "colors",
                "colour",
                "colours",
                "hsl",
                "hsla",
                "javascript",
                "rgb",
                "rgba",
                "tc-lib-color",
                "web"
            ],
            "support": {
                "issues": "https://github.com/tecnickcom/tc-lib-color/issues",
                "source": "https://github.com/tecnickcom/tc-lib-color/tree/1.14.24"
            },
            "funding": [
                {
                    "url": "https://www.paypal.com/cgi-bin/webscr?cmd=_donations&currency_code=GBP&business=paypal@tecnick.com&item_name=donation%20for%20tc-lib-color%20project",
                    "type": "custom"
                }
            ],
            "time": "2023-05-18T08:09:02+00:00"
        },
        {
            "name": "tecnickcom/tc-lib-file",
            "version": "1.7.24",
            "source": {
                "type": "git",
                "url": "https://github.com/tecnickcom/tc-lib-file.git",
                "reference": "d5a0fe8443d8dd942f2f55fd378f892471f8dd4d"
            },
            "dist": {
                "type": "zip",
                "url": "https://api.github.com/repos/tecnickcom/tc-lib-file/zipball/d5a0fe8443d8dd942f2f55fd378f892471f8dd4d",
                "reference": "d5a0fe8443d8dd942f2f55fd378f892471f8dd4d",
                "shasum": ""
            },
            "require": {
                "ext-curl": "*",
                "ext-pcre": "*",
                "php": ">=5.4"
            },
            "require-dev": {
                "pdepend/pdepend": "2.13.0",
                "phploc/phploc": "7.0.2 || 6.0.2 || 5.0.0 || 4.0.1 || 3.0.1 || 2.1.5",
                "phpmd/phpmd": "2.13.0",
                "phpunit/phpunit": "10.1.2 || 9.6.7 || 8.5.31 || 7.5.20 || 6.5.14 || 5.7.27 || 4.8.36",
                "sebastian/phpcpd": "6.0.3 || 5.0.2 || 4.1.0 || 3.0.1 || 2.0.4",
                "squizlabs/php_codesniffer": "3.7.2 || 2.9.2"
            },
            "type": "library",
            "autoload": {
                "psr-4": {
                    "Com\\Tecnick\\File\\": "src"
                }
            },
            "notification-url": "https://packagist.org/downloads/",
            "license": [
                "LGPL-3.0"
            ],
            "authors": [
                {
                    "name": "Nicola Asuni",
                    "email": "info@tecnick.com",
                    "role": "lead"
                }
            ],
            "description": "PHP library to read byte-level data from files",
            "homepage": "http://www.tecnick.com",
            "keywords": [
                "Double",
                "bit",
                "byte",
                "file",
                "long",
                "read",
                "short",
                "tc-lib-file"
            ],
            "support": {
                "issues": "https://github.com/tecnickcom/tc-lib-file/issues",
                "source": "https://github.com/tecnickcom/tc-lib-file/tree/1.7.24"
            },
            "funding": [
                {
                    "url": "https://www.paypal.com/cgi-bin/webscr?cmd=_donations&currency_code=GBP&business=paypal@tecnick.com&item_name=donation%20for%20tc-lib-file%20project",
                    "type": "custom"
                }
            ],
            "time": "2023-05-18T08:09:13+00:00"
        },
        {
            "name": "tecnickcom/tc-lib-pdf",
            "version": "8.0.22",
            "source": {
                "type": "git",
                "url": "https://github.com/tecnickcom/tc-lib-pdf.git",
                "reference": "bb1626e842efa7c8d0fda74613bc40d25425b007"
            },
            "dist": {
                "type": "zip",
                "url": "https://api.github.com/repos/tecnickcom/tc-lib-pdf/zipball/bb1626e842efa7c8d0fda74613bc40d25425b007",
                "reference": "bb1626e842efa7c8d0fda74613bc40d25425b007",
                "shasum": ""
            },
            "require": {
                "ext-date": "*",
                "ext-pcre": "*",
                "php": ">=5.4",
                "tecnickcom/tc-lib-barcode": "^1.17",
                "tecnickcom/tc-lib-color": "^1.14",
                "tecnickcom/tc-lib-file": "^1.7",
                "tecnickcom/tc-lib-pdf-encrypt": "^1.6",
                "tecnickcom/tc-lib-pdf-font": "^1.11",
                "tecnickcom/tc-lib-pdf-graph": "^1.7",
                "tecnickcom/tc-lib-pdf-image": "^1.4",
                "tecnickcom/tc-lib-pdf-page": "^3.1",
                "tecnickcom/tc-lib-unicode": "^1.4",
                "tecnickcom/tc-lib-unicode-data": "^1.7"
            },
            "require-dev": {
                "pdepend/pdepend": "2.13.0",
                "phploc/phploc": "7.0.2 || 6.0.2 || 5.0.0 || 4.0.1 || 3.0.1 || 2.1.5",
                "phpmd/phpmd": "2.13.0",
                "phpunit/phpunit": "10.1.2 || 9.6.7 || 8.5.31 || 7.5.20 || 6.5.14 || 5.7.27 || 4.8.36",
                "sebastian/phpcpd": "6.0.3 || 5.0.2 || 4.1.0 || 3.0.1 || 2.0.4",
                "squizlabs/php_codesniffer": "3.7.2 || 2.9.2"
            },
            "type": "library",
            "autoload": {
                "psr-4": {
                    "Com\\Tecnick\\Pdf\\": "src"
                }
            },
            "notification-url": "https://packagist.org/downloads/",
            "license": [
                "LGPL-3.0"
            ],
            "authors": [
                {
                    "name": "Nicola Asuni",
                    "email": "info@tecnick.com",
                    "role": "lead"
                }
            ],
            "description": "PHP PDF Library",
            "homepage": "http://www.tecnick.com",
            "keywords": [
                "PDFD32000-2008",
                "TCPDF",
                "document",
                "pdf",
                "tc-lib-pdf"
            ],
            "support": {
                "issues": "https://github.com/tecnickcom/tc-lib-pdf/issues",
                "source": "https://github.com/tecnickcom/tc-lib-pdf/tree/8.0.22"
            },
            "funding": [
                {
                    "url": "https://www.paypal.com/cgi-bin/webscr?cmd=_donations&currency_code=GBP&business=paypal@tecnick.com&item_name=donation%20for%20tc-lib-pdf%20project",
                    "type": "custom"
                }
            ],
            "time": "2023-05-18T08:12:16+00:00"
        },
        {
            "name": "tecnickcom/tc-lib-pdf-encrypt",
            "version": "1.6.20",
            "source": {
                "type": "git",
                "url": "https://github.com/tecnickcom/tc-lib-pdf-encrypt.git",
                "reference": "29adc87d3cf66162da03fa03e3a3638dd72c8d9d"
            },
            "dist": {
                "type": "zip",
                "url": "https://api.github.com/repos/tecnickcom/tc-lib-pdf-encrypt/zipball/29adc87d3cf66162da03fa03e3a3638dd72c8d9d",
                "reference": "29adc87d3cf66162da03fa03e3a3638dd72c8d9d",
                "shasum": ""
            },
            "require": {
                "ext-date": "*",
                "ext-hash": "*",
                "ext-openssl": "*",
                "ext-pcre": "*",
                "php": ">=5.4"
            },
            "require-dev": {
                "pdepend/pdepend": "2.13.0",
                "phploc/phploc": "7.0.2 || 6.0.2 || 5.0.0 || 4.0.1 || 3.0.1 || 2.1.5",
                "phpmd/phpmd": "2.13.0",
                "phpunit/phpunit": "10.1.2 || 9.6.7 || 8.5.31 || 7.5.20 || 6.5.14 || 5.7.27 || 4.8.36",
                "sebastian/phpcpd": "6.0.3 || 5.0.2 || 4.1.0 || 3.0.1 || 2.0.4",
                "squizlabs/php_codesniffer": "3.7.2 || 2.9.2"
            },
            "suggest": {
                "ext-posix": "*"
            },
            "type": "library",
            "autoload": {
                "psr-4": {
                    "Com\\Tecnick\\Pdf\\Encrypt\\": "src"
                }
            },
            "notification-url": "https://packagist.org/downloads/",
            "license": [
                "LGPL-3.0"
            ],
            "authors": [
                {
                    "name": "Nicola Asuni",
                    "email": "info@tecnick.com",
                    "role": "lead"
                }
            ],
            "description": "PHP library to encrypt data for PDF",
            "homepage": "http://www.tecnick.com",
            "keywords": [
                "aes",
                "encrypt",
                "encryption",
                "pdf",
                "rc4",
                "tc-lib-pdf-encrypt"
            ],
            "support": {
                "issues": "https://github.com/tecnickcom/tc-lib-pdf-encrypt/issues",
                "source": "https://github.com/tecnickcom/tc-lib-pdf-encrypt/tree/1.6.20"
            },
            "funding": [
                {
                    "url": "https://www.paypal.com/cgi-bin/webscr?cmd=_donations&currency_code=GBP&business=paypal@tecnick.com&item_name=donation%20for%20tc-lib-pdf-encrypt%20project",
                    "type": "custom"
                }
            ],
            "time": "2023-05-18T08:09:23+00:00"
        },
        {
            "name": "tecnickcom/tc-lib-pdf-font",
            "version": "1.11.6",
            "source": {
                "type": "git",
                "url": "https://github.com/tecnickcom/tc-lib-pdf-font.git",
                "reference": "c49491c80f31fcb929e1d53f0f27e0e67033bdf4"
            },
            "dist": {
                "type": "zip",
                "url": "https://api.github.com/repos/tecnickcom/tc-lib-pdf-font/zipball/c49491c80f31fcb929e1d53f0f27e0e67033bdf4",
                "reference": "c49491c80f31fcb929e1d53f0f27e0e67033bdf4",
                "shasum": ""
            },
            "require": {
                "ext-json": "*",
                "ext-pcre": "*",
                "ext-zlib": "*",
                "php": ">=5.4.0",
                "tecnickcom/tc-lib-file": "^1.7",
                "tecnickcom/tc-lib-pdf-encrypt": "^1.6",
                "tecnickcom/tc-lib-unicode-data": "^1.7"
            },
            "require-dev": {
                "pdepend/pdepend": "2.13.0",
                "phploc/phploc": "7.0.2 || 6.0.2 || 5.0.0 || 4.0.1 || 3.0.1 || 2.1.5",
                "phpmd/phpmd": "2.13.0",
                "phpunit/phpunit": "10.1.2 || 9.6.7 || 8.5.31 || 7.5.20 || 6.5.14 || 5.7.27 || 4.8.36",
                "sebastian/phpcpd": "6.0.3 || 5.0.2 || 4.1.0 || 3.0.1 || 2.0.4",
                "squizlabs/php_codesniffer": "3.7.2 || 2.9.2"
            },
            "type": "library",
            "autoload": {
                "psr-4": {
                    "Com\\Tecnick\\Pdf\\Font\\": "src"
                }
            },
            "notification-url": "https://packagist.org/downloads/",
            "license": [
                "LGPL-3.0"
            ],
            "authors": [
                {
                    "name": "Nicola Asuni",
                    "email": "info@tecnick.com",
                    "role": "lead"
                }
            ],
            "description": "PHP library containing PDF page formats and definitions",
            "homepage": "http://www.tecnick.com",
            "keywords": [
                "PFB",
                "afm",
                "font",
                "import",
                "pdf",
                "tc-lib-pdf-font",
                "ttf"
            ],
            "support": {
                "issues": "https://github.com/tecnickcom/tc-lib-pdf-font/issues",
                "source": "https://github.com/tecnickcom/tc-lib-pdf-font/tree/1.11.6"
            },
            "funding": [
                {
                    "url": "https://www.paypal.com/cgi-bin/webscr?cmd=_donations&currency_code=GBP&business=paypal@tecnick.com&item_name=donation%20for%20tc-lib-pdf-font%20project",
                    "type": "custom"
                }
            ],
            "time": "2023-05-18T08:11:45+00:00"
        },
        {
            "name": "tecnickcom/tc-lib-pdf-graph",
            "version": "1.7.8",
            "source": {
                "type": "git",
                "url": "https://github.com/tecnickcom/tc-lib-pdf-graph.git",
                "reference": "5c1e7ecab480b4a1a7ab01177852f66b3f193008"
            },
            "dist": {
                "type": "zip",
                "url": "https://api.github.com/repos/tecnickcom/tc-lib-pdf-graph/zipball/5c1e7ecab480b4a1a7ab01177852f66b3f193008",
                "reference": "5c1e7ecab480b4a1a7ab01177852f66b3f193008",
                "shasum": ""
            },
            "require": {
                "ext-zlib": "*",
                "php": ">=5.4",
                "tecnickcom/tc-lib-color": "^1.14",
                "tecnickcom/tc-lib-pdf-encrypt": "^1.6.0"
            },
            "require-dev": {
                "pdepend/pdepend": "2.13.0",
                "phploc/phploc": "7.0.2 || 6.0.2 || 5.0.0 || 4.0.1 || 3.0.1 || 2.1.5",
                "phpmd/phpmd": "2.13.0",
                "phpunit/phpunit": "10.1.2 || 9.6.7 || 8.5.31 || 7.5.20 || 6.5.14 || 5.7.27 || 4.8.36",
                "sebastian/phpcpd": "6.0.3 || 5.0.2 || 4.1.0 || 3.0.1 || 2.0.4",
                "squizlabs/php_codesniffer": "3.7.2 || 2.9.2"
            },
            "type": "library",
            "autoload": {
                "psr-4": {
                    "Com\\Tecnick\\Pdf\\Graph\\": "src"
                }
            },
            "notification-url": "https://packagist.org/downloads/",
            "license": [
                "LGPL-3.0"
            ],
            "authors": [
                {
                    "name": "Nicola Asuni",
                    "email": "info@tecnick.com",
                    "role": "lead"
                }
            ],
            "description": "PHP library containing PDF graphic and geometric methods",
            "homepage": "http://www.tecnick.com",
            "keywords": [
                "geometry",
                "graphic",
                "pdf",
                "tc-lib-pdf-graph",
                "transformation"
            ],
            "support": {
                "issues": "https://github.com/tecnickcom/tc-lib-pdf-graph/issues",
                "source": "https://github.com/tecnickcom/tc-lib-pdf-graph/tree/1.7.8"
            },
            "funding": [
                {
                    "url": "https://www.paypal.com/cgi-bin/webscr?cmd=_donations&currency_code=GBP&business=paypal@tecnick.com&item_name=donation%20for%20tc-lib-pdf-graph%20project",
                    "type": "custom"
                }
            ],
            "time": "2023-05-18T08:11:07+00:00"
        },
        {
            "name": "tecnickcom/tc-lib-pdf-image",
            "version": "1.4.5",
            "source": {
                "type": "git",
                "url": "https://github.com/tecnickcom/tc-lib-pdf-image.git",
                "reference": "15657b874f81ba06add036b98978ec444c0db8e5"
            },
            "dist": {
                "type": "zip",
                "url": "https://api.github.com/repos/tecnickcom/tc-lib-pdf-image/zipball/15657b874f81ba06add036b98978ec444c0db8e5",
                "reference": "15657b874f81ba06add036b98978ec444c0db8e5",
                "shasum": ""
            },
            "require": {
                "ext-gd": "*",
                "ext-zlib": "*",
                "php": ">=5.4",
                "tecnickcom/tc-lib-color": "^1.14",
                "tecnickcom/tc-lib-file": "^1.7",
                "tecnickcom/tc-lib-pdf-encrypt": "^1.6.0"
            },
            "require-dev": {
                "pdepend/pdepend": "2.13.0",
                "phploc/phploc": "7.0.2 || 6.0.2 || 5.0.0 || 4.0.1 || 3.0.1 || 2.1.5",
                "phpmd/phpmd": "2.13.0",
                "phpunit/phpunit": "10.1.2 || 9.6.7 || 8.5.31 || 7.5.20 || 6.5.14 || 5.7.27 || 4.8.36",
                "sebastian/phpcpd": "6.0.3 || 5.0.2 || 4.1.0 || 3.0.1 || 2.0.4",
                "squizlabs/php_codesniffer": "3.7.2 || 2.9.2"
            },
            "type": "library",
            "autoload": {
                "psr-4": {
                    "Com\\Tecnick\\Pdf\\Image\\": "src"
                }
            },
            "notification-url": "https://packagist.org/downloads/",
            "license": [
                "LGPL-3.0"
            ],
            "authors": [
                {
                    "name": "Nicola Asuni",
                    "email": "info@tecnick.com",
                    "role": "lead"
                }
            ],
            "description": "PHP library containing PDF Image methods",
            "homepage": "http://www.tecnick.com",
            "keywords": [
                "image",
                "jpeg",
                "jpg",
                "pdf",
                "png",
                "tc-lib-pdf-image"
            ],
            "support": {
                "issues": "https://github.com/tecnickcom/tc-lib-pdf-image/issues",
                "source": "https://github.com/tecnickcom/tc-lib-pdf-image/tree/1.4.5"
            },
            "funding": [
                {
                    "url": "https://www.paypal.com/cgi-bin/webscr?cmd=_donations&currency_code=GBP&business=paypal@tecnick.com&item_name=donation%20for%20tc-lib-pdf-image%20project",
                    "type": "custom"
                }
            ],
            "time": "2023-05-18T08:11:17+00:00"
        },
        {
            "name": "tecnickcom/tc-lib-pdf-page",
            "version": "3.1.6",
            "source": {
                "type": "git",
                "url": "https://github.com/tecnickcom/tc-lib-pdf-page.git",
                "reference": "171d497592c175836cf1a9c4766667747f952d30"
            },
            "dist": {
                "type": "zip",
                "url": "https://api.github.com/repos/tecnickcom/tc-lib-pdf-page/zipball/171d497592c175836cf1a9c4766667747f952d30",
                "reference": "171d497592c175836cf1a9c4766667747f952d30",
                "shasum": ""
            },
            "require": {
                "ext-date": "*",
                "ext-zlib": "*",
                "php": ">=5.4",
                "tecnickcom/tc-lib-color": "^1.14",
                "tecnickcom/tc-lib-pdf-encrypt": "^1.6.0"
            },
            "require-dev": {
                "pdepend/pdepend": "2.13.0",
                "phploc/phploc": "7.0.2 || 6.0.2 || 5.0.0 || 4.0.1 || 3.0.1 || 2.1.5",
                "phpmd/phpmd": "2.13.0",
                "phpunit/phpunit": "10.1.2 || 9.6.7 || 8.5.31 || 7.5.20 || 6.5.14 || 5.7.27 || 4.8.36",
                "sebastian/phpcpd": "6.0.3 || 5.0.2 || 4.1.0 || 3.0.1 || 2.0.4",
                "squizlabs/php_codesniffer": "3.7.2 || 2.9.2"
            },
            "type": "library",
            "autoload": {
                "psr-4": {
                    "Com\\Tecnick\\Pdf\\Page\\": "src"
                }
            },
            "notification-url": "https://packagist.org/downloads/",
            "license": [
                "LGPL-3.0"
            ],
            "authors": [
                {
                    "name": "Nicola Asuni",
                    "email": "info@tecnick.com",
                    "role": "lead"
                }
            ],
            "description": "PHP library containing PDF page formats and definitions",
            "homepage": "http://www.tecnick.com",
            "keywords": [
                "format",
                "page",
                "pdf",
                "tc-lib-pdf-page"
            ],
            "support": {
                "issues": "https://github.com/tecnickcom/tc-lib-pdf-page/issues",
                "source": "https://github.com/tecnickcom/tc-lib-pdf-page/tree/3.1.6"
            },
            "funding": [
                {
                    "url": "https://www.paypal.com/cgi-bin/webscr?cmd=_donations&currency_code=GBP&business=paypal@tecnick.com&item_name=donation%20for%20tc-lib-pdf-page%20project",
                    "type": "custom"
                }
            ],
            "time": "2023-05-18T08:10:55+00:00"
        },
        {
            "name": "tecnickcom/tc-lib-unicode",
            "version": "1.4.18",
            "source": {
                "type": "git",
                "url": "https://github.com/tecnickcom/tc-lib-unicode.git",
                "reference": "af59d0eb7f77895a0e0f0d357ebb7078a9ee7889"
            },
            "dist": {
                "type": "zip",
                "url": "https://api.github.com/repos/tecnickcom/tc-lib-unicode/zipball/af59d0eb7f77895a0e0f0d357ebb7078a9ee7889",
                "reference": "af59d0eb7f77895a0e0f0d357ebb7078a9ee7889",
                "shasum": ""
            },
            "require": {
                "ext-mbstring": "*",
                "ext-pcre": "*",
                "php": ">=5.4",
                "tecnickcom/tc-lib-unicode-data": "^1.7"
            },
            "require-dev": {
                "pdepend/pdepend": "2.13.0",
                "phploc/phploc": "7.0.2 || 6.0.2 || 5.0.0 || 4.0.1 || 3.0.1 || 2.1.5",
                "phpmd/phpmd": "2.13.0",
                "phpunit/phpunit": "10.1.2 || 9.6.7 || 8.5.31 || 7.5.20 || 6.5.14 || 5.7.27 || 4.8.36",
                "sebastian/phpcpd": "6.0.3 || 5.0.2 || 4.1.0 || 3.0.1 || 2.0.4",
                "squizlabs/php_codesniffer": "3.7.2 || 2.9.2"
            },
            "type": "library",
            "autoload": {
                "psr-4": {
                    "Com\\Tecnick\\Unicode\\": "src"
                }
            },
            "notification-url": "https://packagist.org/downloads/",
            "license": [
                "LGPL-3.0"
            ],
            "authors": [
                {
                    "name": "Nicola Asuni",
                    "email": "info@tecnick.com",
                    "role": "lead"
                }
            ],
            "description": "PHP library containing Unicode methods",
            "homepage": "http://www.tecnick.com",
            "keywords": [
                "font",
                "pdf",
                "tc-lib-unicode",
                "unicode",
                "utf-8"
            ],
            "support": {
                "issues": "https://github.com/tecnickcom/tc-lib-unicode/issues",
                "source": "https://github.com/tecnickcom/tc-lib-unicode/tree/1.4.18"
            },
            "funding": [
                {
                    "url": "https://www.paypal.com/cgi-bin/webscr?cmd=_donations&currency_code=GBP&business=paypal@tecnick.com&item_name=donation%20for%20tc-lib-unicode%20project",
                    "type": "custom"
                }
            ],
            "time": "2023-05-18T08:10:44+00:00"
        },
        {
            "name": "tecnickcom/tc-lib-unicode-data",
            "version": "1.7.18",
            "source": {
                "type": "git",
                "url": "https://github.com/tecnickcom/tc-lib-unicode-data.git",
                "reference": "a04e6d55f2cef422334118c22cff59bb920e5abc"
            },
            "dist": {
                "type": "zip",
                "url": "https://api.github.com/repos/tecnickcom/tc-lib-unicode-data/zipball/a04e6d55f2cef422334118c22cff59bb920e5abc",
                "reference": "a04e6d55f2cef422334118c22cff59bb920e5abc",
                "shasum": ""
            },
            "require": {
                "php": ">=5.4"
            },
            "require-dev": {
                "pdepend/pdepend": "2.13.0",
                "phploc/phploc": "7.0.2 || 6.0.2 || 5.0.0 || 4.0.1 || 3.0.1 || 2.1.5",
                "phpmd/phpmd": "2.13.0",
                "phpunit/phpunit": "10.1.2 || 9.6.7 || 8.5.31 || 7.5.20 || 6.5.14 || 5.7.27 || 4.8.36",
                "sebastian/phpcpd": "6.0.3 || 5.0.2 || 4.1.0 || 3.0.1 || 2.0.4",
                "squizlabs/php_codesniffer": "3.7.2 || 2.9.2"
            },
            "type": "library",
            "autoload": {
                "psr-4": {
                    "Com\\Tecnick\\Unicode\\Data\\": "src"
                }
            },
            "notification-url": "https://packagist.org/downloads/",
            "license": [
                "LGPL-3.0"
            ],
            "authors": [
                {
                    "name": "Nicola Asuni",
                    "email": "info@tecnick.com",
                    "role": "lead"
                }
            ],
            "description": "PHP library containing Unicode definitions",
            "homepage": "http://www.tecnick.com",
            "keywords": [
                "font",
                "pdf",
                "tc-lib-unicode-data",
                "unicode",
                "utf-8"
            ],
            "support": {
                "issues": "https://github.com/tecnickcom/tc-lib-unicode-data/issues",
                "source": "https://github.com/tecnickcom/tc-lib-unicode-data/tree/1.7.18"
            },
            "funding": [
                {
                    "url": "https://www.paypal.com/cgi-bin/webscr?cmd=_donations&currency_code=GBP&business=paypal@tecnick.com&item_name=donation%20for%20tc-lib-unicode-data%20project",
                    "type": "custom"
                }
            ],
            "time": "2023-05-18T08:09:48+00:00"
        },
        {
            "name": "tecnickcom/tcpdf",
            "version": "6.6.2",
            "source": {
                "type": "git",
                "url": "https://github.com/tecnickcom/TCPDF.git",
                "reference": "e3cffc9bcbc76e89e167e9eb0bbda0cab7518459"
            },
            "dist": {
                "type": "zip",
                "url": "https://api.github.com/repos/tecnickcom/TCPDF/zipball/e3cffc9bcbc76e89e167e9eb0bbda0cab7518459",
                "reference": "e3cffc9bcbc76e89e167e9eb0bbda0cab7518459",
                "shasum": ""
            },
            "require": {
                "php": ">=5.3.0"
            },
            "type": "library",
            "autoload": {
                "classmap": [
                    "config",
                    "include",
                    "tcpdf.php",
                    "tcpdf_parser.php",
                    "tcpdf_import.php",
                    "tcpdf_barcodes_1d.php",
                    "tcpdf_barcodes_2d.php",
                    "include/tcpdf_colors.php",
                    "include/tcpdf_filters.php",
                    "include/tcpdf_font_data.php",
                    "include/tcpdf_fonts.php",
                    "include/tcpdf_images.php",
                    "include/tcpdf_static.php",
                    "include/barcodes/datamatrix.php",
                    "include/barcodes/pdf417.php",
                    "include/barcodes/qrcode.php"
                ]
            },
            "notification-url": "https://packagist.org/downloads/",
            "license": [
                "LGPL-3.0-only"
            ],
            "authors": [
                {
                    "name": "Nicola Asuni",
                    "email": "info@tecnick.com",
                    "role": "lead"
                }
            ],
            "description": "TCPDF is a PHP class for generating PDF documents and barcodes.",
            "homepage": "http://www.tcpdf.org/",
            "keywords": [
                "PDFD32000-2008",
                "TCPDF",
                "barcodes",
                "datamatrix",
                "pdf",
                "pdf417",
                "qrcode"
            ],
            "support": {
                "issues": "https://github.com/tecnickcom/TCPDF/issues",
                "source": "https://github.com/tecnickcom/TCPDF/tree/6.6.2"
            },
            "funding": [
                {
                    "url": "https://www.paypal.com/cgi-bin/webscr?cmd=_donations&currency_code=GBP&business=paypal@tecnick.com&item_name=donation%20for%20tcpdf%20project",
                    "type": "custom"
                }
            ],
            "time": "2022-12-17T10:28:59+00:00"
        }
    ],
    "packages-dev": [],
    "aliases": [],
    "minimum-stability": "stable",
    "stability-flags": [],
    "prefer-stable": false,
    "prefer-lowest": false,
    "platform": [],
    "platform-dev": [],
    "plugin-api-version": "2.3.0"
}
